// !$*UTF8*$!
{
	archiveVersion = 1;
	classes = {
	};
	objectVersion = 100;
	objects = {

/* Begin PBXContainerItemProxy section */
		BBC8EE752F7D2D6E00B4584D /* PBXContainerItemProxy */ = {
			isa = PBXContainerItemProxy;
			containerPortal = BBC8EE5D2F7D2D6D00B4584D /* Project object */;
			proxyType = 1;
			remoteGlobalIDString = BBC8EE642F7D2D6D00B4584D;
			remoteInfo = BrowserHop;
		};
		BBC8EE7F2F7D2D6E00B4584D /* PBXContainerItemProxy */ = {
			isa = PBXContainerItemProxy;
			containerPortal = BBC8EE5D2F7D2D6D00B4584D /* Project object */;
			proxyType = 1;
			remoteGlobalIDString = BBC8EE642F7D2D6D00B4584D;
			remoteInfo = BrowserHop;
		};
/* End PBXContainerItemProxy section */

/* Begin PBXFileReference section */
		BBC8EE652F7D2D6D00B4584D /* BrowserHop.app */ = {isa = PBXFileReference; explicitFileType = wrapper.application; includeInIndex = 0; path = BrowserHop.app; sourceTree = BUILT_PRODUCTS_DIR; };
		BBC8EE742F7D2D6E00B4584D /* BrowserHopTests.xctest */ = {isa = PBXFileReference; explicitFileType = wrapper.cfbundle; includeInIndex = 0; path = BrowserHopTests.xctest; sourceTree = BUILT_PRODUCTS_DIR; };
		BBC8EE7E2F7D2D6E00B4584D /* BrowserHopUITests.xctest */ = {isa = PBXFileReference; explicitFileType = wrapper.cfbundle; includeInIndex = 0; path = BrowserHopUITests.xctest; sourceTree = BUILT_PRODUCTS_DIR; };
/* End PBXFileReference section */

/* Begin PBXFileSystemSynchronizedBuildFileExceptionSet section */
		BBC8EE922F7D2DF900B4584D /* Exceptions for "BrowserHop" folder in "BrowserHop" target */ = {
			isa = PBXFileSystemSynchronizedBuildFileExceptionSet;
			membershipExceptions = (
				Info.plist,
			);
			target = BBC8EE642F7D2D6D00B4584D /* BrowserHop */;
		};
/* End PBXFileSystemSynchronizedBuildFileExceptionSet section */

/* Begin PBXFileSystemSynchronizedRootGroup section */
		BBC8EE672F7D2D6D00B4584D /* BrowserHop */ = {
			isa = PBXFileSystemSynchronizedRootGroup;
			exceptions = (
				BBC8EE922F7D2DF900B4584D /* Exceptions for "BrowserHop" folder in "BrowserHop" target */,
			);
			path = BrowserHop;
			sourceTree = "<group>";
		};
		BBC8EE772F7D2D6E00B4584D /* BrowserHopTests */ = {
			isa = PBXFileSystemSynchronizedRootGroup;
			path = BrowserHopTests;
			sourceTree = "<group>";
		};
		BBC8EE812F7D2D6E00B4584D /* BrowserHopUITests */ = {
			isa = PBXFileSystemSynchronizedRootGroup;
			path = BrowserHopUITests;
			sourceTree = "<group>";
		};
/* End PBXFileSystemSynchronizedRootGroup section */

/* Begin PBXFrameworksBuildPhase section */
		BBC8EE622F7D2D6D00B4584D /* Frameworks */ = {
			isa = PBXFrameworksBuildPhase;
			files = (
			);
		};
		BBC8EE712F7D2D6E00B4584D /* Frameworks */ = {
			isa = PBXFrameworksBuildPhase;
			files = (
			);
		};
		BBC8EE7B2F7D2D6E00B4584D /* Frameworks */ = {
			isa = PBXFrameworksBuildPhase;
			files = (
			);
		};
/* End PBXFrameworksBuildPhase section */

/* Begin PBXGroup section */
		BBC8EE5C2F7D2D6D00B4584D = {
			isa = PBXGroup;
			children = (
				BBC8EE672F7D2D6D00B4584D /* BrowserHop */,
				BBC8EE772F7D2D6E00B4584D /* BrowserHopTests */,
				BBC8EE812F7D2D6E00B4584D /* BrowserHopUITests */,
				BBC8EE662F7D2D6D00B4584D /* Products */,
			);
			sourceTree = "<group>";
		};
		BBC8EE662F7D2D6D00B4584D /* Products */ = {
			isa = PBXGroup;
			children = (
				BBC8EE652F7D2D6D00B4584D /* BrowserHop.app */,
				BBC8EE742F7D2D6E00B4584D /* BrowserHopTests.xctest */,
				BBC8EE7E2F7D2D6E00B4584D /* BrowserHopUITests.xctest */,
			);
			name = Products;
			sourceTree = "<group>";
		};
/* End PBXGroup section */

/* Begin PBXNativeTarget section */
		BBC8EE642F7D2D6D00B4584D /* BrowserHop */ = {
			isa = PBXNativeTarget;
			buildConfigurationList = BBC8EE882F7D2D6E00B4584D /* Build configuration list for PBXNativeTarget "BrowserHop" */;
			buildPhases = (
				BBC8EE612F7D2D6D00B4584D /* Sources */,
				BBC8EE622F7D2D6D00B4584D /* Frameworks */,
				BBC8EE632F7D2D6D00B4584D /* Resources */,
			);
			buildRules = (
			);
			fileSystemSynchronizedGroups = (
				BBC8EE672F7D2D6D00B4584D /* BrowserHop */,
			);
			name = BrowserHop;
			productName = BrowserHop;
			productReference = BBC8EE652F7D2D6D00B4584D /* BrowserHop.app */;
			productType = "com.apple.product-type.application";
		};
		BBC8EE732F7D2D6E00B4584D /* BrowserHopTests */ = {
			isa = PBXNativeTarget;
			buildConfigurationList = BBC8EE8B2F7D2D6E00B4584D /* Build configuration list for PBXNativeTarget "BrowserHopTests" */;
			buildPhases = (
				BBC8EE702F7D2D6E00B4584D /* Sources */,
				BBC8EE712F7D2D6E00B4584D /* Frameworks */,
				BBC8EE722F7D2D6E00B4584D /* Resources */,
			);
			buildRules = (
			);
			dependencies = (
				BBC8EE762F7D2D6E00B4584D /* PBXTargetDependency */,
			);
			fileSystemSynchronizedGroups = (
				BBC8EE772F7D2D6E00B4584D /* BrowserHopTests */,
			);
			name = BrowserHopTests;
			productName = BrowserHopTests;
			productReference = BBC8EE742F7D2D6E00B4584D /* BrowserHopTests.xctest */;
			productType = "com.apple.product-type.bundle.unit-test";
		};
		BBC8EE7D2F7D2D6E00B4584D /* BrowserHopUITests */ = {
			isa = PBXNativeTarget;
			buildConfigurationList = BBC8EE8E2F7D2D6E00B4584D /* Build configuration list for PBXNativeTarget "BrowserHopUITests" */;
			buildPhases = (
				BBC8EE7A2F7D2D6E00B4584D /* Sources */,
				BBC8EE7B2F7D2D6E00B4584D /* Frameworks */,
				BBC8EE7C2F7D2D6E00B4584D /* Resources */,
			);
			buildRules = (
			);
			dependencies = (
				BBC8EE802F7D2D6E00B4584D /* PBXTargetDependency */,
			);
			fileSystemSynchronizedGroups = (
				BBC8EE812F7D2D6E00B4584D /* BrowserHopUITests */,
			);
			name = BrowserHopUITests;
			productName = BrowserHopUITests;
			productReference = BBC8EE7E2F7D2D6E00B4584D /* BrowserHopUITests.xctest */;
			productType = "com.apple.product-type.bundle.ui-testing";
		};
/* End PBXNativeTarget section */

/* Begin PBXProject section */
		BBC8EE5D2F7D2D6D00B4584D /* Project object */ = {
			isa = PBXProject;
			attributes = {
				BuildIndependentTargetsInParallel = 1;
				LastSwiftUpdateCheck = 2640;
				LastUpgradeCheck = 2640;
				TargetAttributes = {
					BBC8EE642F7D2D6D00B4584D = {
						CreatedOnToolsVersion = 26.4;
					};
					BBC8EE732F7D2D6E00B4584D = {
						CreatedOnToolsVersion = 26.4;
						TestTargetID = BBC8EE642F7D2D6D00B4584D;
					};
					BBC8EE7D2F7D2D6E00B4584D = {
						CreatedOnToolsVersion = 26.4;
						TestTargetID = BBC8EE642F7D2D6D00B4584D;
					};
				};
			};
			buildConfigurationList = BBC8EE602F7D2D6D00B4584D /* Build configuration list for PBXProject "BrowserHop" */;
			developmentRegion = en;
			hasScannedForEncodings = 0;
			knownRegions = (
				en,
				Base,
			);
			mainGroup = BBC8EE5C2F7D2D6D00B4584D;
			minimizedProjectReferenceProxies = 1;
			preferredProjectObjectVersion = 100;
			productRefGroup = BBC8EE662F7D2D6D00B4584D /* Products */;
			projectDirPath = "";
			projectRoot = "";
			targets = (
				BBC8EE642F7D2D6D00B4584D /* BrowserHop */,
				BBC8EE732F7D2D6E00B4584D /* BrowserHopTests */,
				BBC8EE7D2F7D2D6E00B4584D /* BrowserHopUITests */,
			);
		};
/* End PBXProject section */

/* Begin PBXResourcesBuildPhase section */
		BBC8EE632F7D2D6D00B4584D /* Resources */ = {
			isa = PBXResourcesBuildPhase;
			files = (
			);
		};
		BBC8EE722F7D2D6E00B4584D /* Resources */ = {
			isa = PBXResourcesBuildPhase;
			files = (
			);
		};
		BBC8EE7C2F7D2D6E00B4584D /* Resources */ = {
			isa = PBXResourcesBuildPhase;
			files = (
			);
		};
/* End PBXResourcesBuildPhase section */

/* Begin PBXSourcesBuildPhase section */
		BBC8EE612F7D2D6D00B4584D /* Sources */ = {
			isa = PBXSourcesBuildPhase;
			files = (
			);
		};
		BBC8EE702F7D2D6E00B4584D /* Sources */ = {
			isa = PBXSourcesBuildPhase;
			files = (
			);
		};
		BBC8EE7A2F7D2D6E00B4584D /* Sources */ = {
			isa = PBXSourcesBuildPhase;
			files = (
			);
		};
/* End PBXSourcesBuildPhase section */

/* Begin PBXTargetDependency section */
		BBC8EE762F7D2D6E00B4584D /* PBXTargetDependency */ = {
			isa = PBXTargetDependency;
			target = BBC8EE642F7D2D6D00B4584D /* BrowserHop */;
			targetProxy = BBC8EE752F7D2D6E00B4584D /* PBXContainerItemProxy */;
		};
		BBC8EE802F7D2D6E00B4584D /* PBXTargetDependency */ = {
			isa = PBXTargetDependency;
			target = BBC8EE642F7D2D6D00B4584D /* BrowserHop */;
			targetProxy = BBC8EE7F2F7D2D6E00B4584D /* PBXContainerItemProxy */;
		};
/* End PBXTargetDependency section */

/* Begin XCBuildConfiguration section */
		BBC8EE862F7D2D6E00B4584D /* Debug configuration for PBXProject "BrowserHop" */ = {
			isa = XCBuildConfiguration;
			buildSettings = {
				ALWAYS_SEARCH_USER_PATHS = NO;
				ASSETCATALOG_COMPILER_GENERATE_SWIFT_ASSET_SYMBOL_EXTENSIONS = YES;
				CLANG_ANALYZER_NONNULL = YES;
				CLANG_ANALYZER_NUMBER_OBJECT_CONVERSION = YES_AGGRESSIVE;
				CLANG_CXX_LANGUAGE_STANDARD = "gnu++20";
				CLANG_ENABLE_MODULES = YES;
				CLANG_ENABLE_OBJC_ARC = YES;
				CLANG_ENABLE_OBJC_WEAK = YES;
				CLANG_WARN_BLOCK_CAPTURE_AUTORELEASING = YES;
				CLANG_WARN_BOOL_CONVERSION = YES;
				CLANG_WARN_COMMA = YES;
				CLANG_WARN_CONSTANT_CONVERSION = YES;
				CLANG_WARN_DEPRECATED_OBJC_IMPLEMENTATIONS = YES;
				CLANG_WARN_DIRECT_OBJC_ISA_USAGE = YES_ERROR;
				CLANG_WARN_DOCUMENTATION_COMMENTS = YES;
				CLANG_WARN_EMPTY_BODY = YES;
				CLANG_WARN_ENUM_CONVERSION = YES;
				CLANG_WARN_INFINITE_RECURSION = YES;
				CLANG_WARN_INT_CONVERSION = YES;
				CLANG_WARN_NON_LITERAL_NULL_CONVERSION = YES;
				CLANG_WARN_OBJC_IMPLICIT_RETAIN_SELF = YES;
				CLANG_WARN_OBJC_LITERAL_CONVERSION = YES;
				CLANG_WARN_OBJC_ROOT_CLASS = YES_ERROR;
				CLANG_WARN_QUOTED_INCLUDE_IN_FRAMEWORK_HEADER = YES;
				CLANG_WARN_RANGE_LOOP_ANALYSIS = YES;
				CLANG_WARN_STRICT_PROTOTYPES = YES;
				CLANG_WARN_SUSPICIOUS_MOVE = YES;
				CLANG_WARN_UNGUARDED_AVAILABILITY = YES_AGGRESSIVE;
				CLANG_WARN_UNREACHABLE_CODE = YES;
				CLANG_WARN__DUPLICATE_METHOD_MATCH = YES;
				COPY_PHASE_STRIP = NO;
				DEBUG_INFORMATION_FORMAT = dwarf;
				ENABLE_STRICT_OBJC_MSGSEND = YES;
				ENABLE_TESTABILITY = YES;
				ENABLE_USER_SCRIPT_SANDBOXING = YES;
				GCC_C_LANGUAGE_STANDARD = gnu17;
				GCC_DYNAMIC_NO_PIC = NO;
				GCC_NO_COMMON_BLOCKS = YES;
				GCC_OPTIMIZATION_LEVEL = 0;
				GCC_PREPROCESSOR_DEFINITIONS = (
					"DEBUG=1",
					"$(inherited)",
				);
				GCC_WARN_64_TO_32_BIT_CONVERSION = YES;
				GCC_WARN_ABOUT_RETURN_TYPE = YES_ERROR;
				GCC_WARN_UNDECLARED_SELECTOR = YES;
				GCC_WARN_UNINITIALIZED_AUTOS = YES_AGGRESSIVE;
				GCC_WARN_UNUSED_FUNCTION = YES;
				GCC_WARN_UNUSED_VARIABLE = YES;
				LOCALIZATION_PREFERS_STRING_CATALOGS = YES;
				MACOSX_DEPLOYMENT_TARGET = 26.3;
				MTL_ENABLE_DEBUG_INFO = INCLUDE_SOURCE;
				MTL_FAST_MATH = YES;
				ONLY_ACTIVE_ARCH = YES;
				SDKROOT = macosx;
				SWIFT_ACTIVE_COMPILATION_CONDITIONS = "DEBUG $(inherited)";
				SWIFT_OPTIMIZATION_LEVEL = "-Onone";
			};
			name = Debug;
		};
		BBC8EE872F7D2D6E00B4584D /* Release configuration for PBXProject "BrowserHop" */ = {
			isa = XCBuildConfiguration;
			buildSettings = {
				ALWAYS_SEARCH_USER_PATHS = NO;
				ASSETCATALOG_COMPILER_GENERATE_SWIFT_ASSET_SYMBOL_EXTENSIONS = YES;
				CLANG_ANALYZER_NONNULL = YES;
				CLANG_ANALYZER_NUMBER_OBJECT_CONVERSION = YES_AGGRESSIVE;
				CLANG_CXX_LANGUAGE_STANDARD = "gnu++20";
				CLANG_ENABLE_MODULES = YES;
				CLANG_ENABLE_OBJC_ARC = YES;
				CLANG_ENABLE_OBJC_WEAK = YES;
				CLANG_WARN_BLOCK_CAPTURE_AUTORELEASING = YES;
				CLANG_WARN_BOOL_CONVERSION = YES;
				CLANG_WARN_COMMA = YES;
				CLANG_WARN_CONSTANT_CONVERSION = YES;
				CLANG_WARN_DEPRECATED_OBJC_IMPLEMENTATIONS = YES;
				CLANG_WARN_DIRECT_OBJC_ISA_USAGE = YES_ERROR;
				CLANG_WARN_DOCUMENTATION_COMMENTS = YES;
				CLANG_WARN_EMPTY_BODY = YES;
				CLANG_WARN_ENUM_CONVERSION = YES;
				CLANG_WARN_INFINITE_RECURSION = YES;
				CLANG_WARN_INT_CONVERSION = YES;
				CLANG_WARN_NON_LITERAL_NULL_CONVERSION = YES;
				CLANG_WARN_OBJC_IMPLICIT_RETAIN_SELF = YES;
				CLANG_WARN_OBJC_LITERAL_CONVERSION = YES;
				CLANG_WARN_OBJC_ROOT_CLASS = YES_ERROR;
				CLANG_WARN_QUOTED_INCLUDE_IN_FRAMEWORK_HEADER = YES;
				CLANG_WARN_RANGE_LOOP_ANALYSIS = YES;
				CLANG_WARN_STRICT_PROTOTYPES = YES;
				CLANG_WARN_SUSPICIOUS_MOVE = YES;
				CLANG_WARN_UNGUARDED_AVAILABILITY = YES_AGGRESSIVE;
				CLANG_WARN_UNREACHABLE_CODE = YES;
				CLANG_WARN__DUPLICATE_METHOD_MATCH = YES;
				COPY_PHASE_STRIP = NO;
				DEBUG_INFORMATION_FORMAT = "dwarf-with-dsym";
				ENABLE_NS_ASSERTIONS = NO;
				ENABLE_STRICT_OBJC_MSGSEND = YES;
				ENABLE_USER_SCRIPT_SANDBOXING = YES;
				GCC_C_LANGUAGE_STANDARD = gnu17;
				GCC_NO_COMMON_BLOCKS = YES;
				GCC_WARN_64_TO_32_BIT_CONVERSION = YES;
				GCC_WARN_ABOUT_RETURN_TYPE = YES_ERROR;
				GCC_WARN_UNDECLARED_SELECTOR = YES;
				GCC_WARN_UNINITIALIZED_AUTOS = YES_AGGRESSIVE;
				GCC_WARN_UNUSED_FUNCTION = YES;
				GCC_WARN_UNUSED_VARIABLE = YES;
				LOCALIZATION_PREFERS_STRING_CATALOGS = YES;
				MACOSX_DEPLOYMENT_TARGET = 26.3;
				MTL_ENABLE_DEBUG_INFO = NO;
				MTL_FAST_MATH = YES;
				SDKROOT = macosx;
				SWIFT_COMPILATION_MODE = wholemodule;
			};
			name = Release;
		};
		BBC8EE892F7D2D6E00B4584D /* Debug configuration for PBXNativeTarget "BrowserHop" */ = {
			isa = XCBuildConfiguration;
			buildSettings = {
				ASSETCATALOG_COMPILER_APPICON_NAME = AppIcon;
				ASSETCATALOG_COMPILER_GLOBAL_ACCENT_COLOR_NAME = AccentColor;
				AUTOMATION_APPLE_EVENTS = NO;
				"CODE_SIGN_IDENTITY[sdk=macosx*]" = "Apple Development";
				CODE_SIGN_STYLE = Automatic;
				COMBINE_HIDPI_IMAGES = YES;
				CURRENT_PROJECT_VERSION = 1;
				DEVELOPMENT_TEAM = X6URN8G7V8;
				ENABLE_APP_SANDBOX = NO;
				ENABLE_HARDENED_RUNTIME = YES;
				ENABLE_PREVIEWS = YES;
				ENABLE_RESOURCE_ACCESS_PHOTO_LIBRARY = NO;
				GENERATE_INFOPLIST_FILE = YES;
				INFOPLIST_FILE = BrowserHop/Info.plist;
				INFOPLIST_KEY_CFBundleDisplayName = BrowserHop;
				INFOPLIST_KEY_LSApplicationCategoryType = "public.app-category.productivity";
				INFOPLIST_KEY_NSHumanReadableCopyright = "";
				LD_RUNPATH_SEARCH_PATHS = (
					"$(inherited)",
					"@executable_path/../Frameworks",
				);
				MARKETING_VERSION = 1.0.2;
				PRODUCT_BUNDLE_IDENTIFIER = ZhuzhaTech.BrowserHop;
				PRODUCT_NAME = "$(TARGET_NAME)";
				REGISTER_APP_GROUPS = YES;
				RUNTIME_EXCEPTION_ALLOW_DYLD_ENVIRONMENT_VARIABLES = NO;
				RUNTIME_EXCEPTION_ALLOW_JIT = NO;
				RUNTIME_EXCEPTION_ALLOW_UNSIGNED_EXECUTABLE_MEMORY = NO;
				RUNTIME_EXCEPTION_DEBUGGING_TOOL = NO;
				RUNTIME_EXCEPTION_DISABLE_EXECUTABLE_PAGE_PROTECTION = NO;
				RUNTIME_EXCEPTION_DISABLE_LIBRARY_VALIDATION = NO;
				STRING_CATALOG_GENERATE_SYMBOLS = YES;
				SWIFT_APPROACHABLE_CONCURRENCY = YES;
				SWIFT_DEFAULT_ACTOR_ISOLATION = MainActor;
				SWIFT_EMIT_LOC_STRINGS = YES;
				SWIFT_UPCOMING_FEATURE_MEMBER_IMPORT_VISIBILITY = YES;
				SWIFT_VERSION = 5.0;
			};
			name = Debug;
		};
		BBC8EE8A2F7D2D6E00B4584D /* Release configuration for PBXNativeTarget "BrowserHop" */ = {
			isa = XCBuildConfiguration;
			buildSettings = {
				ASSETCATALOG_COMPILER_APPICON_NAME = AppIcon;
				ASSETCATALOG_COMPILER_GLOBAL_ACCENT_COLOR_NAME = AccentColor;
				AUTOMATION_APPLE_EVENTS = NO;
				"CODE_SIGN_IDENTITY[sdk=macosx*]" = "Apple Development";
				CODE_SIGN_STYLE = Automatic;
				COMBINE_HIDPI_IMAGES = YES;
				CURRENT_PROJECT_VERSION = 1;
				DEVELOPMENT_TEAM = X6URN8G7V8;
				ENABLE_APP_SANDBOX = NO;
				ENABLE_HARDENED_RUNTIME = YES;
				ENABLE_PREVIEWS = YES;
				ENABLE_RESOURCE_ACCESS_PHOTO_LIBRARY = NO;
				GENERATE_INFOPLIST_FILE = YES;
				INFOPLIST_FILE = BrowserHop/Info.plist;
				INFOPLIST_KEY_CFBundleDisplayName = BrowserHop;
				INFOPLIST_KEY_LSApplicationCategoryType = "public.app-category.productivity";
				INFOPLIST_KEY_NSHumanReadableCopyright = "";
				LD_RUNPATH_SEARCH_PATHS = (
					"$(inherited)",
					"@executable_path/../Frameworks",
				);
				MARKETING_VERSION = 1.0.2;
				PRODUCT_BUNDLE_IDENTIFIER = ZhuzhaTech.BrowserHop;
				PRODUCT_NAME = "$(TARGET_NAME)";
				REGISTER_APP_GROUPS = YES;
				RUNTIME_EXCEPTION_ALLOW_DYLD_ENVIRONMENT_VARIABLES = NO;
				RUNTIME_EXCEPTION_ALLOW_JIT = NO;
				RUNTIME_EXCEPTION_ALLOW_UNSIGNED_EXECUTABLE_MEMORY = NO;
				RUNTIME_EXCEPTION_DEBUGGING_TOOL = NO;
				RUNTIME_EXCEPTION_DISABLE_EXECUTABLE_PAGE_PROTECTION = NO;
				RUNTIME_EXCEPTION_DISABLE_LIBRARY_VALIDATION = NO;
				STRING_CATALOG_GENERATE_SYMBOLS = YES;
				SWIFT_APPROACHABLE_CONCURRENCY = YES;
				SWIFT_DEFAULT_ACTOR_ISOLATION = MainActor;
				SWIFT_EMIT_LOC_STRINGS = YES;
				SWIFT_UPCOMING_FEATURE_MEMBER_IMPORT_VISIBILITY = YES;
				SWIFT_VERSION = 5.0;
			};
			name = Release;
		};
		BBC8EE8C2F7D2D6E00B4584D /* Debug configuration for PBXNativeTarget "BrowserHopTests" */ = {
			isa = XCBuildConfiguration;
			buildSettings = {
				BUNDLE_LOADER = "$(TEST_HOST)";
				CODE_SIGN_STYLE = Automatic;
				CURRENT_PROJECT_VERSION = 1;
				GENERATE_INFOPLIST_FILE = YES;
				MACOSX_DEPLOYMENT_TARGET = 26.3;
				MARKETING_VERSION = 1.0;
				PRODUCT_BUNDLE_IDENTIFIER = ZhuzhaTech.BrowserHopTests;
				PRODUCT_NAME = "$(TARGET_NAME)";
				STRING_CATALOG_GENERATE_SYMBOLS = NO;
				SWIFT_APPROACHABLE_CONCURRENCY = YES;
				SWIFT_EMIT_LOC_STRINGS = NO;
				SWIFT_UPCOMING_FEATURE_MEMBER_IMPORT_VISIBILITY = YES;
				SWIFT_VERSION = 5.0;
				TEST_HOST = "$(BUILT_PRODUCTS_DIR)/BrowserHop.app/$(BUNDLE_EXECUTABLE_FOLDER_PATH)/BrowserHop";
			};
			name = Debug;
		};
		BBC8EE8D2F7D2D6E00B4584D /* Release configuration for PBXNativeTarget "BrowserHopTests" */ = {
			isa = XCBuildConfiguration;
			buildSettings = {
				BUNDLE_LOADER = "$(TEST_HOST)";
				CODE_SIGN_STYLE = Automatic;
				CURRENT_PROJECT_VERSION = 1;
				GENERATE_INFOPLIST_FILE = YES;
				MACOSX_DEPLOYMENT_TARGET = 26.3;
				MARKETING_VERSION = 1.0;
				PRODUCT_BUNDLE_IDENTIFIER = ZhuzhaTech.BrowserHopTests;
				PRODUCT_NAME = "$(TARGET_NAME)";
				STRING_CATALOG_GENERATE_SYMBOLS = NO;
				SWIFT_APPROACHABLE_CONCURRENCY = YES;
				SWIFT_EMIT_LOC_STRINGS = NO;
				SWIFT_UPCOMING_FEATURE_MEMBER_IMPORT_VISIBILITY = YES;
				SWIFT_VERSION = 5.0;
				TEST_HOST = "$(BUILT_PRODUCTS_DIR)/BrowserHop.app/$(BUNDLE_EXECUTABLE_FOLDER_PATH)/BrowserHop";
			};
			name = Release;
		};
		BBC8EE8F2F7D2D6E00B4584D /* Debug configuration for PBXNativeTarget "BrowserHopUITests" */ = {
			isa = XCBuildConfiguration;
			buildSettings = {
				CODE_SIGN_STYLE = Automatic;
				CURRENT_PROJECT_VERSION = 1;
				GENERATE_INFOPLIST_FILE = YES;
				MARKETING_VERSION = 1.0;
				PRODUCT_BUNDLE_IDENTIFIER = ZhuzhaTech.BrowserHopUITests;
				PRODUCT_NAME = "$(TARGET_NAME)";
				STRING_CATALOG_GENERATE_SYMBOLS = NO;
				SWIFT_APPROACHABLE_CONCURRENCY = YES;
				SWIFT_EMIT_LOC_STRINGS = NO;
				SWIFT_UPCOMING_FEATURE_MEMBER_IMPORT_VISIBILITY = YES;
				SWIFT_VERSION = 5.0;
				TEST_TARGET_NAME = BrowserHop;
			};
			name = Debug;
		};
		BBC8EE902F7D2D6E00B4584D /* Release configuration for PBXNativeTarget "BrowserHopUITests" */ = {
			isa = XCBuildConfiguration;
			buildSettings = {
				CODE_SIGN_STYLE = Automatic;
				CURRENT_PROJECT_VERSION = 1;
				GENERATE_INFOPLIST_FILE = YES;
				MARKETING_VERSION = 1.0;
				PRODUCT_BUNDLE_IDENTIFIER = ZhuzhaTech.BrowserHopUITests;
				PRODUCT_NAME = "$(TARGET_NAME)";
				STRING_CATALOG_GENERATE_SYMBOLS = NO;
				SWIFT_APPROACHABLE_CONCURRENCY = YES;
				SWIFT_EMIT_LOC_STRINGS = NO;
				SWIFT_UPCOMING_FEATURE_MEMBER_IMPORT_VISIBILITY = YES;
				SWIFT_VERSION = 5.0;
				TEST_TARGET_NAME = BrowserHop;
			};
			name = Release;
		};
/* End XCBuildConfiguration section */

/* Begin XCConfigurationList section */
		BBC8EE602F7D2D6D00B4584D /* Build configuration list for PBXProject "BrowserHop" */ = {
			isa = XCConfigurationList;
			buildConfigurations = (
				BBC8EE862F7D2D6E00B4584D /* Debug configuration for PBXProject "BrowserHop" */,
				BBC8EE872F7D2D6E00B4584D /* Release configuration for PBXProject "BrowserHop" */,
			);
			defaultConfigurationName = Release;
		};
		BBC8EE882F7D2D6E00B4584D /* Build configuration list for PBXNativeTarget "BrowserHop" */ = {
			isa = XCConfigurationList;
			buildConfigurations = (
				BBC8EE892F7D2D6E00B4584D /* Debug configuration for PBXNativeTarget "BrowserHop" */,
				BBC8EE8A2F7D2D6E00B4584D /* Release configuration for PBXNativeTarget "BrowserHop" */,
			);
			defaultConfigurationName = Release;
		};
		BBC8EE8B2F7D2D6E00B4584D /* Build configuration list for PBXNativeTarget "BrowserHopTests" */ = {
			isa = XCConfigurationList;
			buildConfigurations = (
				BBC8EE8C2F7D2D6E00B4584D /* Debug configuration for PBXNativeTarget "BrowserHopTests" */,
				BBC8EE8D2F7D2D6E00B4584D /* Release configuration for PBXNativeTarget "BrowserHopTests" */,
			);
			defaultConfigurationName = Release;
		};
		BBC8EE8E2F7D2D6E00B4584D /* Build configuration list for PBXNativeTarget "BrowserHopUITests" */ = {
			isa = XCConfigurationList;
			buildConfigurations = (
				BBC8EE8F2F7D2D6E00B4584D /* Debug configuration for PBXNativeTarget "BrowserHopUITests" */,
				BBC8EE902F7D2D6E00B4584D /* Release configuration for PBXNativeTarget "BrowserHopUITests" */,
			);
			defaultConfigurationName = Release;
		};
/* End XCConfigurationList section */
	};
	rootObject = BBC8EE5D2F7D2D6D00B4584D /* Project object */;
}
